// !$*UTF8*$!
{
	archiveVersion = 1;
	classes = {
	};
	objectVersion = 52;
	objects = {

/* Begin PBXBuildFile section */
		EDD6856F23773B9E001577DB /* AppDelegate.swift in Sources */ = {isa = PBXBuildFile; fileRef = EDD6856E23773B9E001577DB /* AppDelegate.swift */; };
		EDD6857123773B9E001577DB /* SceneDelegate.swift in Sources */ = {isa = PBXBuildFile; fileRef = EDD6857023773B9E001577DB /* SceneDelegate.swift */; };
		EDD6857323773B9E001577DB /* ViewController.swift in Sources */ = {isa = PBXBuildFile; fileRef = EDD6857223773B9E001577DB /* ViewController.swift */; };
		EDD6857623773B9E001577DB /* Main.storyboard in Resources */ = {isa = PBXBuildFile; fileRef = EDD6857423773B9E001577DB /* Main.storyboard */; };
		EDD6857823773B9F001577DB /* Assets.xcassets in Resources */ = {isa = PBXBuildFile; fileRef = EDD6857723773B9F001577DB /* Assets.xcassets */; };
		EDD6857B23773B9F001577DB /* LaunchScreen.storyboard in Resources */ = {isa = PBXBuildFile; fileRef = EDD6857923773B9F001577DB /* LaunchScreen.storyboard */; };
		EDD6858623773B9F001577DB /* Parse_ChatTests.swift in Sources */ = {isa = PBXBuildFile; fileRef = EDD6858523773B9F001577DB /* Parse_ChatTests.swift */; };
		EDD6859123773B9F001577DB /* Parse_ChatUITests.swift in Sources */ = {isa = PBXBuildFile; fileRef = EDD6859023773B9F001577DB /* Parse_ChatUITests.swift */; };
/* End PBXBuildFile section */

/* Begin PBXContainerItemProxy section */
		EDD6858223773B9F001577DB /* PBXContainerItemProxy */ = {
			isa = PBXContainerItemProxy;
			containerPortal = EDD6856323773B9E001577DB /* Project object */;
			proxyType = 1;
			remoteGlobalIDString = EDD6856A23773B9E001577DB;
			remoteInfo = "Parse Chat";
		};
		EDD6858D23773B9F001577DB /* PBXContainerItemProxy */ = {
			isa = PBXContainerItemProxy;
			containerPortal = EDD6856323773B9E001577DB /* Project object */;
			proxyType = 1;
			remoteGlobalIDString = EDD6856A23773B9E001577DB;
			remoteInfo = "Parse Chat";
		};
/* End PBXContainerItemProxy section */

/* Begin PBXFileReference section */
		EDD6856B23773B9E001577DB /* Parse Chat.app */ = {isa = PBXFileReference; explicitFileType = wrapper.application; includeInIndex = 0; path = "Parse Chat.app"; sourceTree = BUILT_PRODUCTS_DIR; };
		EDD6856E23773B9E001577DB /* AppDelegate.swift */ = {isa = PBXFileReference; lastKnownFileType = sourcecode.swift; path = AppDelegate.swift; sourceTree = "<group>"; };
		EDD6857023773B9E001577DB /* SceneDelegate.swift */ = {isa = PBXFileReference; lastKnownFileType = sourcecode.swift; path = SceneDelegate.swift; sourceTree = "<group>"; };
		EDD6857223773B9E001577DB /* ViewController.swift */ = {isa = PBXFileReference; lastKnownFileType = sourcecode.swift; path = ViewController.swift; sourceTree = "<group>"; };
		EDD6857523773B9E001577DB /* Base */ = {isa = PBXFileReference; lastKnownFileType = file.storyboard; name = Base; path = Base.lproj/Main.storyboard; sourceTree = "<group>"; };
		EDD6857723773B9F001577DB /* Assets.xcassets */ = {isa = PBXFileReference; lastKnownFileType = folder.assetcatalog; path = Assets.xcassets; sourceTree = "<group>"; };
		EDD6857A23773B9F001577DB /* Base */ = {isa = PBXFileReference; lastKnownFileType = file.storyboard; name = Base; path = Base.lproj/LaunchScreen.storyboard; sourceTree = "<group>"; };
		EDD6857C23773B9F001577DB /* Info.plist */ = {isa = PBXFileReference; lastKnownFileType = text.plist.xml; path = Info.plist; sourceTree = "<group>"; };
		EDD6858123773B9F001577DB /* Parse ChatTests.xctest */ = {isa = PBXFileReference; explicitFileType = wrapper.cfbundle; includeInIndex = 0; path = "Parse ChatTests.xctest"; sourceTree = BUILT_PRODUCTS_DIR; };
		EDD6858523773B9F001577DB /* Parse_ChatTests.swift */ = {isa = PBXFileReference; lastKnownFileType = sourcecode.swift; path = Parse_ChatTests.swift; sourceTree = "<group>"; };
		EDD6858723773B9F001577DB /* Info.plist */ = {isa = PBXFileReference; lastKnownFileType = text.plist.xml; path = Info.plist; sourceTree = "<group>"; };
		EDD6858C23773B9F001577DB /* Parse ChatUITests.xctest */ = {isa = PBXFileReference; explicitFileType = wrapper.cfbundle; includeInIndex = 0; path = "Parse ChatUITests.xctest"; sourceTree = BUILT_PRODUCTS_DIR; };
		EDD6859023773B9F001577DB /* Parse_ChatUITests.swift */ = {isa = PBXFileReference; lastKnownFileType = sourcecode.swift; path = Parse_ChatUITests.swift; sourceTree = "<group>"; };
		EDD6859223773B9F001577DB /* Info.plist */ = {isa = PBXFileReference; lastKnownFileType = text.plist.xml; path = Info.plist; sourceTree = "<group>"; };
/* End PBXFileReference section */

/* Begin PBXFrameworksBuildPhase section */
		EDD6856823773B9E001577DB /* Frameworks */ = {
			isa = PBXFrameworksBuildPhase;
			buildActionMask = 2147483647;
			files = (
			);
			runOnlyForDeploymentPostprocessing = 0;
		};
		EDD6857E23773B9F001577DB /* Frameworks */ = {
			isa = PBXFrameworksBuildPhase;
			buildActionMask = 2147483647;
			files = (
			);
			runOnlyForDeploymentPostprocessing = 0;
		};
		EDD6858923773B9F001577DB /* Frameworks */ = {
			isa = PBXFrameworksBuildPhase;
			buildActionMask = 2147483647;
			files = (
			);
			runOnlyForDeploymentPostprocessing = 0;
		};
/* End PBXFrameworksBuildPhase section */

/* Begin PBXGroup section */
		EDD6856223773B9E001577DB = {
			isa = PBXGroup;
			children = (
				EDD6856D23773B9E001577DB /* Parse Chat */,
				EDD6858423773B9F001577DB /* Parse ChatTests */,
				EDD6858F23773B9F001577DB /* Parse ChatUITests */,
				EDD6856C23773B9E001577DB /* Products */,
			);
			sourceTree = "<group>";
		};
		EDD6856C23773B9E001577DB /* Products */ = {
			isa = PBXGroup;
			children = (
				EDD6856B23773B9E001577DB /* Parse Chat.app */,
				EDD6858123773B9F001577DB /* Parse ChatTests.xctest */,
				EDD6858C23773B9F001577DB /* Parse ChatUITests.xctest */,
			);
			name = Products;
			sourceTree = "<group>";
		};
		EDD6856D23773B9E001577DB /* Parse Chat */ = {
			isa = PBXGroup;
			children = (
				EDD6856E23773B9E001577DB /* AppDelegate.swift */,
				EDD6857023773B9E001577DB /* SceneDelegate.swift */,
				EDD6857223773B9E001577DB /* ViewController.swift */,
				EDD6857423773B9E001577DB /* Main.storyboard */,
				EDD6857723773B9F001577DB /* Assets.xcassets */,
				EDD6857923773B9F001577DB /* LaunchScreen.storyboard */,
				EDD6857C23773B9F001577DB /* Info.plist */,
			);
			path = "Parse Chat";
			sourceTree = "<group>";
		};
		EDD6858423773B9F001577DB /* Parse ChatTests */ = {
			isa = PBXGroup;
			children = (
				EDD6858523773B9F001577DB /* Parse_ChatTests.swift */,
				EDD6858723773B9F001577DB /* Info.plist */,
			);
			path = "Parse ChatTests";
			sourceTree = "<group>";
		};
		EDD6858F23773B9F001577DB /* Parse ChatUITests */ = {
			isa = PBXGroup;
			children = (
				EDD6859023773B9F001577DB /* Parse_ChatUITests.swift */,
				EDD6859223773B9F001577DB /* Info.plist */,
			);
			path = "Parse ChatUITests";
			sourceTree = "<group>";
		};
/* End PBXGroup section */

/* Begin PBXNativeTarget section */
		EDD6856A23773B9E001577DB /* Parse Chat */ = {
			isa = PBXNativeTarget;
			buildConfigurationList = EDD6859523773B9F001577DB /* Build configuration list for PBXNativeTarget "Parse Chat" */;
			buildPhases = (
				EDD6856723773B9E001577DB /* Sources */,
				EDD6856823773B9E001577DB /* Frameworks */,
				EDD6856923773B9E001577DB /* Resources */,
			);
			buildRules = (
			);
			dependencies = (
			);
			name = "Parse Chat";
			productName = "Parse Chat";
			productReference = EDD6856B23773B9E001577DB /* Parse Chat.app */;
			productType = "com.apple.product-type.application";
		};
		EDD6858023773B9F001577DB /* Parse ChatTests */ = {
			isa = PBXNativeTarget;
			buildConfigurationList = EDD6859823773B9F001577DB /* Build configuration list for PBXNativeTarget "Parse ChatTests" */;
			buildPhases = (
				EDD6857D23773B9F001577DB /* Sources */,
				EDD6857E23773B9F001577DB /* Frameworks */,
				EDD6857F23773B9F001577DB /* Resources */,
			);
			buildRules = (
			);
			dependencies = (
				EDD6858323773B9F001577DB /* PBXTargetDependency */,
			);
			name = "Parse ChatTests";
			productName = "Parse ChatTests";
			productReference = EDD6858123773B9F001577DB /* Parse ChatTests.xctest */;
			productType = "com.apple.product-type.bundle.unit-test";
		};
		EDD6858B23773B9F001577DB /* Parse ChatUITests */ = {
			isa = PBXNativeTarget;
			buildConfigurationList = EDD6859B23773B9F001577DB /* Build configuration list for PBXNativeTarget "Parse ChatUITests" */;
			buildPhases = (
				EDD6858823773B9F001577DB /* Sources */,
				EDD6858923773B9F001577DB /* Frameworks */,
				EDD6858A23773B9F001577DB /* Resources */,
			);
			buildRules = (
			);
			dependencies = (
				EDD6858E23773B9F001577DB /* PBXTargetDependency */,
			);
			name = "Parse ChatUITests";
			productName = "Parse ChatUITests";
			productReference = EDD6858C23773B9F001577DB /* Parse ChatUITests.xctest */;
			productType = "com.apple.product-type.bundle.ui-testing";
		};
/* End PBXNativeTarget section */

/* Begin PBXProject section */
		EDD6856323773B9E001577DB /* Project object */ = {
			isa = PBXProject;
			attributes = {
				LastSwiftUpdateCheck = 1120;
				LastUpgradeCheck = 1120;
				ORGANIZATIONNAME = "ajrpummill@gmail.com";
				TargetAttributes = {
					EDD6856A23773B9E001577DB = {
						CreatedOnToolsVersion = 11.2;
					};
					EDD6858023773B9F001577DB = {
						CreatedOnToolsVersion = 11.2;
						TestTargetID = EDD6856A23773B9E001577DB;
					};
					EDD6858B23773B9F001577DB = {
						CreatedOnToolsVersion = 11.2;
						TestTargetID = EDD6856A23773B9E001577DB;
					};
				};
			};
			buildConfigurationList = EDD6856623773B9E001577DB /* Build configuration list for PBXProject "Parse Chat" */;
			compatibilityVersion = "Xcode 11.0";
			developmentRegion = en;
			hasScannedForEncodings = 0;
			knownRegions = (
				en,
				Base,
			);
			mainGroup = EDD6856223773B9E001577DB;
			productRefGroup = EDD6856C23773B9E001577DB /* Products */;
			projectDirPath = "";
			projectRoot = "";
			targets = (
				EDD6856A23773B9E001577DB /* Parse Chat */,
				EDD6858023773B9F001577DB /* Parse ChatTests */,
				EDD6858B23773B9F001577DB /* Parse ChatUITests */,
			);
		};
/* End PBXProject section */

/* Begin PBXResourcesBuildPhase section */
		EDD6856923773B9E001577DB /* Resources */ = {
			isa = PBXResourcesBuildPhase;
			buildActionMask = 2147483647;
			files = (
				EDD6857B23773B9F001577DB /* LaunchScreen.storyboard in Resources */,
				EDD6857823773B9F001577DB /* Assets.xcassets in Resources */,
				EDD6857623773B9E001577DB /* Main.storyboard in Resources */,
			);
			runOnlyForDeploymentPostprocessing = 0;
		};
		EDD6857F23773B9F001577DB /* Resources */ = {
			isa = PBXResourcesBuildPhase;
			buildActionMask = 2147483647;
			files = (
			);
			runOnlyForDeploymentPostprocessing = 0;
		};
		EDD6858A23773B9F001577DB /* Resources */ = {
			isa = PBXResourcesBuildPhase;
			buildActionMask = 2147483647;
			files = (
			);
			runOnlyForDeploymentPostprocessing = 0;
		};
/* End PBXResourcesBuildPhase section */

/* Begin PBXSourcesBuildPhase section */
		EDD6856723773B9E001577DB /* Sources */ = {
			isa = PBXSourcesBuildPhase;
			buildActionMask = 2147483647;
			files = (
				EDD6857323773B9E001577DB /* ViewController.swift in Sources */,
				EDD6856F23773B9E001577DB /* AppDelegate.swift in Sources */,
				EDD6857123773B9E001577DB /* SceneDelegate.swift in Sources */,
			);
			runOnlyForDeploymentPostprocessing = 0;
		};
		EDD6857D23773B9F001577DB /* Sources */ = {
			isa = PBXSourcesBuildPhase;
			buildActionMask = 2147483647;
			files = (
				EDD6858623773B9F001577DB /* Parse_ChatTests.swift in Sources */,
			);
			runOnlyForDeploymentPostprocessing = 0;
		};
		EDD6858823773B9F001577DB /* Sources */ = {
			isa = PBXSourcesBuildPhase;
			buildActionMask = 2147483647;
			files = (
				EDD6859123773B9F001577DB /* Parse_ChatUITests.swift in Sources */,
			);
			runOnlyForDeploymentPostprocessing = 0;
		};
/* End PBXSourcesBuildPhase section */

/* Begin PBXTargetDependency section */
		EDD6858323773B9F001577DB /* PBXTargetDependency */ = {
			isa = PBXTargetDependency;
			target = EDD6856A23773B9E001577DB /* Parse Chat */;
			targetProxy = EDD6858223773B9F001577DB /* PBXContainerItemProxy */;
		};
		EDD6858E23773B9F001577DB /* PBXTargetDependency */ = {
			isa = PBXTargetDependency;
			target = EDD6856A23773B9E001577DB /* Parse Chat */;
			targetProxy = EDD6858D23773B9F001577DB /* PBXContainerItemProxy */;
		};
/* End PBXTargetDependency section */

/* Begin PBXVariantGroup section */
		EDD6857423773B9E001577DB /* Main.storyboard */ = {
			isa = PBXVariantGroup;
			children = (
				EDD6857523773B9E001577DB /* Base */,
			);
			name = Main.storyboard;
			sourceTree = "<group>";
		};
		EDD6857923773B9F001577DB /* LaunchScreen.storyboard */ = {
			isa = PBXVariantGroup;
			children = (
				EDD6857A23773B9F001577DB /* Base */,
			);
			name = LaunchScreen.storyboard;
			sourceTree = "<group>";
		};
/* End PBXVariantGroup section */

/* Begin XCBuildConfiguration section */
		EDD6859323773B9F001577DB /* Debug */ = {
			isa = XCBuildConfiguration;
			buildSettings = {
				ALWAYS_SEARCH_USER_PATHS = NO;
				CLANG_ANALYZER_NONNULL = YES;
				CLANG_ANALYZER_NUMBER_OBJECT_CONVERSION = YES_AGGRESSIVE;
				CLANG_CXX_LANGUAGE_STANDARD = "gnu++14";
				CLANG_CXX_LIBRARY = "libc++";
				CLANG_ENABLE_MODULES = YES;
				CLANG_ENABLE_OBJC_ARC = YES;
				CLANG_ENABLE_OBJC_WEAK = YES;
				CLANG_WARN_BLOCK_CAPTURE_AUTORELEASING = YES;
				CLANG_WARN_BOOL_CONVERSION = YES;
				CLANG_WARN_COMMA = YES;
				CLANG_WARN_CONSTANT_CONVERSION = YES;
				CLANG_WARN_DEPRECATED_OBJC_IMPLEMENTATIONS = YES;
				CLANG_WARN_DIRECT_OBJC_ISA_USAGE = YES_ERROR;
				CLANG_WARN_DOCUMENTATION_COMMENTS = YES;
				CLANG_WARN_EMPTY_BODY = YES;
				CLANG_WARN_ENUM_CONVERSION = YES;
				CLANG_WARN_INFINITE_RECURSION = YES;
				CLANG_WARN_INT_CONVERSION = YES;
				CLANG_WARN_NON_LITERAL_NULL_CONVERSION = YES;
				CLANG_WARN_OBJC_IMPLICIT_RETAIN_SELF = YES;
				CLANG_WARN_OBJC_LITERAL_CONVERSION = YES;
				CLANG_WARN_OBJC_ROOT_CLASS = YES_ERROR;
				CLANG_WARN_RANGE_LOOP_ANALYSIS = YES;
				CLANG_WARN_STRICT_PROTOTYPES = YES;
				CLANG_WARN_SUSPICIOUS_MOVE = YES;
				CLANG_WARN_UNGUARDED_AVAILABILITY = YES_AGGRESSIVE;
				CLANG_WARN_UNREACHABLE_CODE = YES;
				CLANG_WARN__DUPLICATE_METHOD_MATCH = YES;
				COPY_PHASE_STRIP = NO;
				DEBUG_INFORMATION_FORMAT = dwarf;
				ENABLE_STRICT_OBJC_MSGSEND = YES;
				ENABLE_TESTABILITY = YES;
				GCC_C_LANGUAGE_STANDARD = gnu11;
				GCC_DYNAMIC_NO_PIC = NO;
				GCC_NO_COMMON_BLOCKS = YES;
				GCC_OPTIMIZATION_LEVEL = 0;
				GCC_PREPROCESSOR_DEFINITIONS = (
					"DEBUG=1",
					"$(inherited)",
				);
				GCC_WARN_64_TO_32_BIT_CONVERSION = YES;
				GCC_WARN_ABOUT_RETURN_TYPE = YES_ERROR;
				GCC_WARN_UNDECLARED_SELECTOR = YES;
				GCC_WARN_UNINITIALIZED_AUTOS = YES_AGGRESSIVE;
				GCC_WARN_UNUSED_FUNCTION = YES;
				GCC_WARN_UNUSED_VARIABLE = YES;
				IPHONEOS_DEPLOYMENT_TARGET = 13.2;
				MTL_ENABLE_DEBUG_INFO = INCLUDE_SOURCE;
				MTL_FAST_MATH = YES;
				ONLY_ACTIVE_ARCH = YES;
				SDKROOT = iphoneos;
				SWIFT_ACTIVE_COMPILATION_CONDITIONS = DEBUG;
				SWIFT_OPTIMIZATION_LEVEL = "-Onone";
			};
			name = Debug;
		};
		EDD6859423773B9F001577DB /* Release */ = {
			isa = XCBuildConfiguration;
			buildSettings = {
				ALWAYS_SEARCH_USER_PATHS = NO;
				CLANG_ANALYZER_NONNULL = YES;
				CLANG_ANALYZER_NUMBER_OBJECT_CONVERSION = YES_AGGRESSIVE;
				CLANG_CXX_LANGUAGE_STANDARD = "gnu++14";
				CLANG_CXX_LIBRARY = "libc++";
				CLANG_ENABLE_MODULES = YES;
				CLANG_ENABLE_OBJC_ARC = YES;
				CLANG_ENABLE_OBJC_WEAK = YES;
				CLANG_WARN_BLOCK_CAPTURE_AUTORELEASING = YES;
				CLANG_WARN_BOOL_CONVERSION = YES;
				CLANG_WARN_COMMA = YES;
				CLANG_WARN_CONSTANT_CONVERSION = YES;
				CLANG_WARN_DEPRECATED_OBJC_IMPLEMENTATIONS = YES;
				CLANG_WARN_DIRECT_OBJC_ISA_USAGE = YES_ERROR;
				CLANG_WARN_DOCUMENTATION_COMMENTS = YES;
				CLANG_WARN_EMPTY_BODY = YES;
				CLANG_WARN_ENUM_CONVERSION = YES;
				CLANG_WARN_INFINITE_RECURSION = YES;
				CLANG_WARN_INT_CONVERSION = YES;
				CLANG_WARN_NON_LITERAL_NULL_CONVERSION = YES;
				CLANG_WARN_OBJC_IMPLICIT_RETAIN_SELF = YES;
				CLANG_WARN_OBJC_LITERAL_CONVERSION = YES;
				CLANG_WARN_OBJC_ROOT_CLASS = YES_ERROR;
				CLANG_WARN_RANGE_LOOP_ANALYSIS = YES;
				CLANG_WARN_STRICT_PROTOTYPES = YES;
				CLANG_WARN_SUSPICIOUS_MOVE = YES;
				CLANG_WARN_UNGUARDED_AVAILABILITY = YES_AGGRESSIVE;
				CLANG_WARN_UNREACHABLE_CODE = YES;
				CLANG_WARN__DUPLICATE_METHOD_MATCH = YES;
				COPY_PHASE_STRIP = NO;
				DEBUG_INFORMATION_FORMAT = "dwarf-with-dsym";
				ENABLE_NS_ASSERTIONS = NO;
				ENABLE_STRICT_OBJC_MSGSEND = YES;
				GCC_C_LANGUAGE_STANDARD = gnu11;
				GCC_NO_COMMON_BLOCKS = YES;
				GCC_WARN_64_TO_32_BIT_CONVERSION = YES;
				GCC_WARN_ABOUT_RETURN_TYPE = YES_ERROR;
				GCC_WARN_UNDECLARED_SELECTOR = YES;
				GCC_WARN_UNINITIALIZED_AUTOS = YES_AGGRESSIVE;
				GCC_WARN_UNUSED_FUNCTION = YES;
				GCC_WARN_UNUSED_VARIABLE = YES;
				IPHONEOS_DEPLOYMENT_TARGET = 13.2;
				MTL_ENABLE_DEBUG_INFO = NO;
				MTL_FAST_MATH = YES;
				SDKROOT = iphoneos;
				SWIFT_COMPILATION_MODE = wholemodule;
				SWIFT_OPTIMIZATION_LEVEL = "-O";
				VALIDATE_PRODUCT = YES;
			};
			name = Release;
		};
		EDD6859623773B9F001577DB /* Debug */ = {
			isa = XCBuildConfiguration;
			buildSettings = {
				ASSETCATALOG_COMPILER_APPICON_NAME = AppIcon;
				CODE_SIGN_STYLE = Automatic;
				DEVELOPMENT_TEAM = UX7P8Z34Y3;
				INFOPLIST_FILE = "Parse Chat/Info.plist";
				LD_RUNPATH_SEARCH_PATHS = (
					"$(inherited)",
					"@executable_path/Frameworks",
				);
				PRODUCT_BUNDLE_IDENTIFIER = "AnthonyPummill.Parse-Chat";
				PRODUCT_NAME = "$(TARGET_NAME)";
				SWIFT_VERSION = 5.0;
				TARGETED_DEVICE_FAMILY = "1,2";
			};
			name = Debug;
		};
		EDD6859723773B9F001577DB /* Release */ = {
			isa = XCBuildConfiguration;
			buildSettings = {
				ASSETCATALOG_COMPILER_APPICON_NAME = AppIcon;
				CODE_SIGN_STYLE = Automatic;
				DEVELOPMENT_TEAM = UX7P8Z34Y3;
				INFOPLIST_FILE = "Parse Chat/Info.plist";
				LD_RUNPATH_SEARCH_PATHS = (
					"$(inherited)",
					"@executable_path/Frameworks",
				);
				PRODUCT_BUNDLE_IDENTIFIER = "AnthonyPummill.Parse-Chat";
				PRODUCT_NAME = "$(TARGET_NAME)";
				SWIFT_VERSION = 5.0;
				TARGETED_DEVICE_FAMILY = "1,2";
			};
			name = Release;
		};
		EDD6859923773B9F001577DB /* Debug */ = {
			isa = XCBuildConfiguration;
			buildSettings = {
				ALWAYS_EMBED_SWIFT_STANDARD_LIBRARIES = YES;
				BUNDLE_LOADER = "$(TEST_HOST)";
				CODE_SIGN_STYLE = Automatic;
				DEVELOPMENT_TEAM = UX7P8Z34Y3;
				INFOPLIST_FILE = "Parse ChatTests/Info.plist";
				IPHONEOS_DEPLOYMENT_TARGET = 13.2;
				LD_RUNPATH_SEARCH_PATHS = (
					"$(inherited)",
					"@executable_path/Frameworks",
					"@loader_path/Frameworks",
				);
				PRODUCT_BUNDLE_IDENTIFIER = "AnthonyPummill.Parse-ChatTests";
				PRODUCT_NAME = "$(TARGET_NAME)";
				SWIFT_VERSION = 5.0;
				TARGETED_DEVICE_FAMILY = "1,2";
				TEST_HOST = "$(BUILT_PRODUCTS_DIR)/Parse Chat.app/Parse Chat";
			};
			name = Debug;
		};
		EDD6859A23773B9F001577DB /* Release */ = {
			isa = XCBuildConfiguration;
			buildSettings = {
				ALWAYS_EMBED_SWIFT_STANDARD_LIBRARIES = YES;
				BUNDLE_LOADER = "$(TEST_HOST)";
				CODE_SIGN_STYLE = Automatic;
				DEVELOPMENT_TEAM = UX7P8Z34Y3;
				INFOPLIST_FILE = "Parse ChatTests/Info.plist";
				IPHONEOS_DEPLOYMENT_TARGET = 13.2;
				LD_RUNPATH_SEARCH_PATHS = (
					"$(inherited)",
					"@executable_path/Frameworks",
					"@loader_path/Frameworks",
				);
				PRODUCT_BUNDLE_IDENTIFIER = "AnthonyPummill.Parse-ChatTests";
				PRODUCT_NAME = "$(TARGET_NAME)";
				SWIFT_VERSION = 5.0;
				TARGETED_DEVICE_FAMILY = "1,2";
				TEST_HOST = "$(BUILT_PRODUCTS_DIR)/Parse Chat.app/Parse Chat";
			};
			name = Release;
		};
		EDD6859C23773B9F001577DB /* Debug */ = {
			isa = XCBuildConfiguration;
			buildSettings = {
				ALWAYS_EMBED_SWIFT_STANDARD_LIBRARIES = YES;
				CODE_SIGN_STYLE = Automatic;
				DEVELOPMENT_TEAM = UX7P8Z34Y3;
				INFOPLIST_FILE = "Parse ChatUITests/Info.plist";
				LD_RUNPATH_SEARCH_PATHS = (
					"$(inherited)",
					"@executable_path/Frameworks",
					"@loader_path/Frameworks",
				);
				PRODUCT_BUNDLE_IDENTIFIER = "AnthonyPummill.Parse-ChatUITests";
				PRODUCT_NAME = "$(TARGET_NAME)";
				SWIFT_VERSION = 5.0;
				TARGETED_DEVICE_FAMILY = "1,2";
				TEST_TARGET_NAME = "Parse Chat";
			};
			name = Debug;
		};
		EDD6859D23773B9F001577DB /* Release */ = {
			isa = XCBuildConfiguration;
			buildSettings = {
				ALWAYS_EMBED_SWIFT_STANDARD_LIBRARIES = YES;
				CODE_SIGN_STYLE = Automatic;
				DEVELOPMENT_TEAM = UX7P8Z34Y3;
				INFOPLIST_FILE = "Parse ChatUITests/Info.plist";
				LD_RUNPATH_SEARCH_PATHS = (
					"$(inherited)",
					"@executable_path/Frameworks",
					"@loader_path/Frameworks",
				);
				PRODUCT_BUNDLE_IDENTIFIER = "AnthonyPummill.Parse-ChatUITests";
				PRODUCT_NAME = "$(TARGET_NAME)";
				SWIFT_VERSION = 5.0;
				TARGETED_DEVICE_FAMILY = "1,2";
				TEST_TARGET_NAME = "Parse Chat";
			};
			name = Release;
		};
/* End XCBuildConfiguration section */

/* Begin XCConfigurationList section */
		EDD6856623773B9E001577DB /* Build configuration list for PBXProject "Parse Chat" */ = {
			isa = XCConfigurationList;
			buildConfigurations = (
				EDD6859323773B9F001577DB /* Debug */,
				EDD6859423773B9F001577DB /* Release */,
			);
			defaultConfigurationIsVisible = 0;
			defaultConfigurationName = Release;
		};
		EDD6859523773B9F001577DB /* Build configuration list for PBXNativeTarget "Parse Chat" */ = {
			isa = XCConfigurationList;
			buildConfigurations = (
				EDD6859623773B9F001577DB /* Debug */,
				EDD6859723773B9F001577DB /* Release */,
			);
			defaultConfigurationIsVisible = 0;
			defaultConfigurationName = Release;
		};
		EDD6859823773B9F001577DB /* Build configuration list for PBXNativeTarget "Parse ChatTests" */ = {
			isa = XCConfigurationList;
			buildConfigurations = (
				EDD6859923773B9F001577DB /* Debug */,
				EDD6859A23773B9F001577DB /* Release */,
			);
			defaultConfigurationIsVisible = 0;
			defaultConfigurationName = Release;
		};
		EDD6859B23773B9F001577DB /* Build configuration list for PBXNativeTarget "Parse ChatUITests" */ = {
			isa = XCConfigurationList;
			buildConfigurations = (
				EDD6859C23773B9F001577DB /* Debug */,
				EDD6859D23773B9F001577DB /* Release */,
			);
			defaultConfigurationIsVisible = 0;
			defaultConfigurationName = Release;
		};
/* End XCConfigurationList section */
	};
	rootObject = EDD6856323773B9E001577DB /* Project object */;
}
